
Microsoft Visual Studio Solution File, Format Version 12.00
# Visual Studio Version 17
VisualStudioVersion = 17.3.32922.545
MinimumVisualStudioVersion = 10.0.40219.1
Project("{FAE04EC0-301F-11D3-BF4B-00C04F79EFBC}") = "10.03.classwork.4", "10.03.classwork.4\10.03.classwork.4.csproj", "{CAE5BFB0-5163-4625-8F8E-435407DDB4E7}"
EndProject
Global
	GlobalSection(SolutionConfigurationPlatforms) = preSolution
		Debug|Any CPU = Debug|Any CPU
		Release|Any CPU = Release|Any CPU
	EndGlobalSection
	GlobalSection(ProjectConfigurationPlatforms) = postSolution
		{CAE5BFB0-5163-4625-8F8E-435407DDB4E7}.Debug|Any CPU.ActiveCfg = Debug|Any CPU
		{CAE5BFB0-5163-4625-8F8E-435407DDB4E7}.Debug|Any CPU.Build.0 = Debug|Any CPU
		{CAE5BFB0-5163-4625-8F8E-435407DDB4E7}.Release|Any CPU.ActiveCfg = Release|Any CPU
		{CAE5BFB0-5163-4625-8F8E-435407DDB4E7}.Release|Any CPU.Build.0 = Release|Any CPU
	EndGlobalSection
	GlobalSection(SolutionProperties) = preSolution
		HideSolutionNode = FALSE
	EndGlobalSection
	GlobalSection(ExtensibilityGlobals) = postSolution
		SolutionGuid = {4083119A-B535-4B0B-9775-0BEEBF9DB7AF}
	EndGlobalSection
EndGlobal
